
Microsoft Visual Studio Solution File, Format Version 12.00
# Visual Studio Version 16
VisualStudioVersion = 16.0.29709.97
MinimumVisualStudioVersion = 10.0.40219.1
Project("{FAE04EC0-301F-11D3-BF4B-00C04F79EFBC}") = "RichHudClient", "RichHudClient.csproj", "{B59E2A56-F99B-4D9B-AE1D-665A7182E37F}"
EndProject
Global
	GlobalSection(SolutionConfigurationPlatforms) = preSolution
		Debug|Any CPU = Debug|Any CPU
		Release|Any CPU = Release|Any CPU
	EndGlobalSection
	GlobalSection(ProjectConfigurationPlatforms) = postSolution
		{B59E2A56-F99B-4D9B-AE1D-665A7182E37F}.Debug|Any CPU.ActiveCfg = Debug|Any CPU
		{B59E2A56-F99B-4D9B-AE1D-665A7182E37F}.Debug|Any CPU.Build.0 = Debug|Any CPU
		{B59E2A56-F99B-4D9B-AE1D-665A7182E37F}.Release|Any CPU.ActiveCfg = Release|Any CPU
		{B59E2A56-F99B-4D9B-AE1D-665A7182E37F}.Release|Any CPU.Build.0 = Release|Any CPU
	EndGlobalSection
	GlobalSection(SolutionProperties) = preSolution
		HideSolutionNode = FALSE
	EndGlobalSection
	GlobalSection(ExtensibilityGlobals) = postSolution
		SolutionGuid = {127E341D-2D26-4F39-B690-0241CCD726AD}
	EndGlobalSection
EndGlobal
